
Microsoft Visual Studio Solution File, Format Version 12.00
# Visual Studio Version 17
VisualStudioVersion = 17.13.35825.156 d17.13
MinimumVisualStudioVersion = 10.0.40219.1
Project("{FAE04EC0-301F-11D3-BF4B-00C04F79EFBC}") = "Lab5", "Lab5\Lab5.csproj", "{CD003465-08E5-40DF-9B88-73FA3568AD63}"
EndProject
Global
	GlobalSection(SolutionConfigurationPlatforms) = preSolution
		Debug|Any CPU = Debug|Any CPU
		Release|Any CPU = Release|Any CPU
	EndGlobalSection
	GlobalSection(ProjectConfigurationPlatforms) = postSolution
		{CD003465-08E5-40DF-9B88-73FA3568AD63}.Debug|Any CPU.ActiveCfg = Debug|Any CPU
		{CD003465-08E5-40DF-9B88-73FA3568AD63}.Debug|Any CPU.Build.0 = Debug|Any CPU
		{CD003465-08E5-40DF-9B88-73FA3568AD63}.Release|Any CPU.ActiveCfg = Release|Any CPU
		{CD003465-08E5-40DF-9B88-73FA3568AD63}.Release|Any CPU.Build.0 = Release|Any CPU
	EndGlobalSection
	GlobalSection(SolutionProperties) = preSolution
		HideSolutionNode = FALSE
	EndGlobalSection
	GlobalSection(ExtensibilityGlobals) = postSolution
		SolutionGuid = {8C9EC945-7F26-4AE1-984B-F8C51AAD3A83}
	EndGlobalSection
EndGlobal
